
Microsoft Visual Studio Solution File, Format Version 12.00
# Visual Studio 15
VisualStudioVersion = 15.0.27130.0
MinimumVisualStudioVersion = 10.0.40219.1
Project("{FAE04EC0-301F-11D3-BF4B-00C04F79EFBC}") = "WebApplication3", "WebApplication3\WebApplication3.csproj", "{83BAD95B-05FE-4646-827B-8A5CBC28453C}"
EndProject
Global
	GlobalSection(SolutionConfigurationPlatforms) = preSolution
		Debug|Any CPU = Debug|Any CPU
		Release|Any CPU = Release|Any CPU
	EndGlobalSection
	GlobalSection(ProjectConfigurationPlatforms) = postSolution
		{83BAD95B-05FE-4646-827B-8A5CBC28453C}.Debug|Any CPU.ActiveCfg = Debug|Any CPU
		{83BAD95B-05FE-4646-827B-8A5CBC28453C}.Debug|Any CPU.Build.0 = Debug|Any CPU
		{83BAD95B-05FE-4646-827B-8A5CBC28453C}.Release|Any CPU.ActiveCfg = Release|Any CPU
		{83BAD95B-05FE-4646-827B-8A5CBC28453C}.Release|Any CPU.Build.0 = Release|Any CPU
	EndGlobalSection
	GlobalSection(SolutionProperties) = preSolution
		HideSolutionNode = FALSE
	EndGlobalSection
	GlobalSection(ExtensibilityGlobals) = postSolution
		SolutionGuid = {A7510CD1-85DA-4871-B3CE-4E105764EAA2}
	EndGlobalSection
EndGlobal
